
Microsoft Visual Studio Solution File, Format Version 12.00
Project("{2150E333-8FDC-42A3-9474-1A3956D46DE8}") = "Server", "Server", "{0C785A02-D3DF-417F-BD77-04E4616E4008}"
EndProject
Project("{FAE04EC0-301F-11D3-BF4B-00C04F79EFBC}") = "Entities", "Entities\Entities.csproj", "{CDB215D0-399A-416A-B1CB-3227EF8480D7}"
EndProject
Project("{FAE04EC0-301F-11D3-BF4B-00C04F79EFBC}") = "Repository", "Repository\Repository.csproj", "{F7C74E8B-3D91-4444-B9F7-33FAA720A587}"
EndProject
Project("{FAE04EC0-301F-11D3-BF4B-00C04F79EFBC}") = "RepositoryContracts", "RepositoryContracts\RepositoryContracts.csproj", "{C3264C5C-7E50-4F17-A4F2-998BBAD49DFC}"
EndProject
Project("{FAE04EC0-301F-11D3-BF4B-00C04F79EFBC}") = "CLI", "CLI\CLI.csproj", "{D4F0D9C7-32E8-4D47-88AC-DE2B7CB61403}"
EndProject
Project("{FAE04EC0-301F-11D3-BF4B-00C04F79EFBC}") = "FileRepository", "FileRepository\FileRepository.csproj", "{CC1B9827-0AE8-4D8B-A426-C212103883BA}"
EndProject
Project("{2150E333-8FDC-42A3-9474-1A3956D46DE8}") = "Shared", "Shared", "{BDE743B4-94EA-43E3-BFA3-603535B68D99}"
EndProject
Project("{FAE04EC0-301F-11D3-BF4B-00C04F79EFBC}") = "ApiContracts", "ApiContracts\ApiContracts.csproj", "{DBC1F35F-3006-4814-81BF-3789C73591CD}"
EndProject
Project("{FAE04EC0-301F-11D3-BF4B-00C04F79EFBC}") = "WebAPI", "WebAPI\WebAPI.csproj", "{07964239-224F-44A5-A18C-A28E7159A6BF}"
EndProject
Project("{FAE04EC0-301F-11D3-BF4B-00C04F79EFBC}") = "InMemoryRepositories", "InMemoryRepositories\InMemoryRepositories.csproj", "{0D107EFC-AA1E-473B-AD89-8377B22F9270}"
EndProject
Global
	GlobalSection(SolutionConfigurationPlatforms) = preSolution
		Debug|Any CPU = Debug|Any CPU
		Release|Any CPU = Release|Any CPU
	EndGlobalSection
	GlobalSection(NestedProjects) = preSolution
		{CDB215D0-399A-416A-B1CB-3227EF8480D7} = {0C785A02-D3DF-417F-BD77-04E4616E4008}
		{F7C74E8B-3D91-4444-B9F7-33FAA720A587} = {0C785A02-D3DF-417F-BD77-04E4616E4008}
		{C3264C5C-7E50-4F17-A4F2-998BBAD49DFC} = {0C785A02-D3DF-417F-BD77-04E4616E4008}
		{D4F0D9C7-32E8-4D47-88AC-DE2B7CB61403} = {0C785A02-D3DF-417F-BD77-04E4616E4008}
		{CC1B9827-0AE8-4D8B-A426-C212103883BA} = {0C785A02-D3DF-417F-BD77-04E4616E4008}
		{DBC1F35F-3006-4814-81BF-3789C73591CD} = {BDE743B4-94EA-43E3-BFA3-603535B68D99}
		{07964239-224F-44A5-A18C-A28E7159A6BF} = {0C785A02-D3DF-417F-BD77-04E4616E4008}
		{0D107EFC-AA1E-473B-AD89-8377B22F9270} = {0C785A02-D3DF-417F-BD77-04E4616E4008}
	EndGlobalSection
	GlobalSection(ProjectConfigurationPlatforms) = postSolution
		{CDB215D0-399A-416A-B1CB-3227EF8480D7}.Debug|Any CPU.ActiveCfg = Debug|Any CPU
		{CDB215D0-399A-416A-B1CB-3227EF8480D7}.Debug|Any CPU.Build.0 = Debug|Any CPU
		{CDB215D0-399A-416A-B1CB-3227EF8480D7}.Release|Any CPU.ActiveCfg = Release|Any CPU
		{CDB215D0-399A-416A-B1CB-3227EF8480D7}.Release|Any CPU.Build.0 = Release|Any CPU
		{F7C74E8B-3D91-4444-B9F7-33FAA720A587}.Debug|Any CPU.ActiveCfg = Debug|Any CPU
		{F7C74E8B-3D91-4444-B9F7-33FAA720A587}.Debug|Any CPU.Build.0 = Debug|Any CPU
		{F7C74E8B-3D91-4444-B9F7-33FAA720A587}.Release|Any CPU.ActiveCfg = Release|Any CPU
		{F7C74E8B-3D91-4444-B9F7-33FAA720A587}.Release|Any CPU.Build.0 = Release|Any CPU
		{C3264C5C-7E50-4F17-A4F2-998BBAD49DFC}.Debug|Any CPU.ActiveCfg = Debug|Any CPU
		{C3264C5C-7E50-4F17-A4F2-998BBAD49DFC}.Debug|Any CPU.Build.0 = Debug|Any CPU
		{C3264C5C-7E50-4F17-A4F2-998BBAD49DFC}.Release|Any CPU.ActiveCfg = Release|Any CPU
		{C3264C5C-7E50-4F17-A4F2-998BBAD49DFC}.Release|Any CPU.Build.0 = Release|Any CPU
		{D4F0D9C7-32E8-4D47-88AC-DE2B7CB61403}.Debug|Any CPU.ActiveCfg = Debug|Any CPU
		{D4F0D9C7-32E8-4D47-88AC-DE2B7CB61403}.Debug|Any CPU.Build.0 = Debug|Any CPU
		{D4F0D9C7-32E8-4D47-88AC-DE2B7CB61403}.Release|Any CPU.ActiveCfg = Release|Any CPU
		{D4F0D9C7-32E8-4D47-88AC-DE2B7CB61403}.Release|Any CPU.Build.0 = Release|Any CPU
		{CC1B9827-0AE8-4D8B-A426-C212103883BA}.Debug|Any CPU.ActiveCfg = Debug|Any CPU
		{CC1B9827-0AE8-4D8B-A426-C212103883BA}.Debug|Any CPU.Build.0 = Debug|Any CPU
		{CC1B9827-0AE8-4D8B-A426-C212103883BA}.Release|Any CPU.ActiveCfg = Release|Any CPU
		{CC1B9827-0AE8-4D8B-A426-C212103883BA}.Release|Any CPU.Build.0 = Release|Any CPU
		{DBC1F35F-3006-4814-81BF-3789C73591CD}.Debug|Any CPU.ActiveCfg = Debug|Any CPU
		{DBC1F35F-3006-4814-81BF-3789C73591CD}.Debug|Any CPU.Build.0 = Debug|Any CPU
		{DBC1F35F-3006-4814-81BF-3789C73591CD}.Release|Any CPU.ActiveCfg = Release|Any CPU
		{DBC1F35F-3006-4814-81BF-3789C73591CD}.Release|Any CPU.Build.0 = Release|Any CPU
		{07964239-224F-44A5-A18C-A28E7159A6BF}.Debug|Any CPU.ActiveCfg = Debug|Any CPU
		{07964239-224F-44A5-A18C-A28E7159A6BF}.Debug|Any CPU.Build.0 = Debug|Any CPU
		{07964239-224F-44A5-A18C-A28E7159A6BF}.Release|Any CPU.ActiveCfg = Release|Any CPU
		{07964239-224F-44A5-A18C-A28E7159A6BF}.Release|Any CPU.Build.0 = Release|Any CPU
		{0D107EFC-AA1E-473B-AD89-8377B22F9270}.Debug|Any CPU.ActiveCfg = Debug|Any CPU
		{0D107EFC-AA1E-473B-AD89-8377B22F9270}.Debug|Any CPU.Build.0 = Debug|Any CPU
		{0D107EFC-AA1E-473B-AD89-8377B22F9270}.Release|Any CPU.ActiveCfg = Release|Any CPU
		{0D107EFC-AA1E-473B-AD89-8377B22F9270}.Release|Any CPU.Build.0 = Release|Any CPU
	EndGlobalSection
EndGlobal
